
Microsoft Visual Studio Solution File, Format Version 12.00
# Visual Studio Version 17
VisualStudioVersion = 17.3.32804.467
MinimumVisualStudioVersion = 10.0.40219.1
Project("{FAE04EC0-301F-11D3-BF4B-00C04F79EFBC}") = "ITELECEcommerce", "ITELECEcommerce\ITELECEcommerce.csproj", "{6A5A4797-459F-4930-A403-88ADA2AEB500}"
EndProject
Global
	GlobalSection(SolutionConfigurationPlatforms) = preSolution
		Debug|Any CPU = Debug|Any CPU
		Release|Any CPU = Release|Any CPU
	EndGlobalSection
	GlobalSection(ProjectConfigurationPlatforms) = postSolution
		{6A5A4797-459F-4930-A403-88ADA2AEB500}.Debug|Any CPU.ActiveCfg = Debug|Any CPU
		{6A5A4797-459F-4930-A403-88ADA2AEB500}.Debug|Any CPU.Build.0 = Debug|Any CPU
		{6A5A4797-459F-4930-A403-88ADA2AEB500}.Release|Any CPU.ActiveCfg = Release|Any CPU
		{6A5A4797-459F-4930-A403-88ADA2AEB500}.Release|Any CPU.Build.0 = Release|Any CPU
	EndGlobalSection
	GlobalSection(SolutionProperties) = preSolution
		HideSolutionNode = FALSE
	EndGlobalSection
	GlobalSection(ExtensibilityGlobals) = postSolution
		SolutionGuid = {9CC760CE-5D84-4A16-B64A-46EEAF262FFF}
	EndGlobalSection
EndGlobal
